
Microsoft Visual Studio Solution File, Format Version 12.00
# Visual Studio Version 17
VisualStudioVersion = 17.10.35004.147
MinimumVisualStudioVersion = 10.0.40219.1
Project("{FAE04EC0-301F-11D3-BF4B-00C04F79EFBC}") = "Elelmiszer", "Elelmiszer\Elelmiszer.csproj", "{B4CDD290-DFC7-4856-B14F-A35D7949000E}"
EndProject
Global
	GlobalSection(SolutionConfigurationPlatforms) = preSolution
		Debug|Any CPU = Debug|Any CPU
		Release|Any CPU = Release|Any CPU
	EndGlobalSection
	GlobalSection(ProjectConfigurationPlatforms) = postSolution
		{B4CDD290-DFC7-4856-B14F-A35D7949000E}.Debug|Any CPU.ActiveCfg = Debug|Any CPU
		{B4CDD290-DFC7-4856-B14F-A35D7949000E}.Debug|Any CPU.Build.0 = Debug|Any CPU
		{B4CDD290-DFC7-4856-B14F-A35D7949000E}.Release|Any CPU.ActiveCfg = Release|Any CPU
		{B4CDD290-DFC7-4856-B14F-A35D7949000E}.Release|Any CPU.Build.0 = Release|Any CPU
	EndGlobalSection
	GlobalSection(SolutionProperties) = preSolution
		HideSolutionNode = FALSE
	EndGlobalSection
	GlobalSection(ExtensibilityGlobals) = postSolution
		SolutionGuid = {BF3BA21C-0771-4C4A-BAC1-C6B7076CF114}
	EndGlobalSection
EndGlobal
